
Microsoft Visual Studio Solution File, Format Version 12.00
# Visual Studio Version 17
VisualStudioVersion = 17.5.002.0
MinimumVisualStudioVersion = 10.0.40219.1
Project("{2150E333-8FDC-42A3-9474-1A3956D46DE8}") = "csharp-prep", "csharp-prep", "{0AF14F11-4FD1-4C85-A0E7-0D7D59EF4EB4}"
EndProject
Project("{9A19103F-16F7-4668-BE54-9A1E7A4F7556}") = "Prep1", "csharp-prep\Prep1\Prep1.csproj", "{583A7858-46E6-40EB-9D34-D781A7F71FFD}"
EndProject
Project("{9A19103F-16F7-4668-BE54-9A1E7A4F7556}") = "Prep2", "csharp-prep\Prep2\Prep2.csproj", "{EF12184E-D549-4C13-B466-22CA6FC02BEB}"
EndProject
Project("{9A19103F-16F7-4668-BE54-9A1E7A4F7556}") = "Prep3", "csharp-prep\Prep3\Prep3.csproj", "{F7AF9453-C308-4683-B595-43BCAAD486F1}"
EndProject
Project("{9A19103F-16F7-4668-BE54-9A1E7A4F7556}") = "Prep4", "csharp-prep\Prep4\Prep4.csproj", "{6CCD43F8-BAAD-4255-B2B9-721F520DD0F7}"
EndProject
Project("{9A19103F-16F7-4668-BE54-9A1E7A4F7556}") = "Prep5", "csharp-prep\Prep5\Prep5.csproj", "{0984A045-BD13-4C45-90FC-8FAC45E4C8EF}"
EndProject
Project("{2150E333-8FDC-42A3-9474-1A3956D46DE8}") = "final", "final", "{802F307E-762A-4574-BD04-B012476ADD10}"
EndProject
Project("{9A19103F-16F7-4668-BE54-9A1E7A4F7556}") = "FinalProject", "final\FinalProject\FinalProject.csproj", "{71EFDF08-457E-400A-BEE6-4026A3620FB1}"
EndProject
Project("{9A19103F-16F7-4668-BE54-9A1E7A4F7556}") = "Foundation1", "final\Foundation1\Foundation1.csproj", "{96ADD9B2-53D7-4E1D-A951-E0400774FA19}"
EndProject
Project("{9A19103F-16F7-4668-BE54-9A1E7A4F7556}") = "Foundation2", "final\Foundation2\Foundation2.csproj", "{B911FCF1-9BCA-415A-AD13-8A4071E91661}"
EndProject
Project("{9A19103F-16F7-4668-BE54-9A1E7A4F7556}") = "Foundation3", "final\Foundation3\Foundation3.csproj", "{30340F07-6608-4829-9408-4B54172816A8}"
EndProject
Project("{9A19103F-16F7-4668-BE54-9A1E7A4F7556}") = "Foundation4", "final\Foundation4\Foundation4.csproj", "{F2C318AF-0532-4627-800A-C4B5444CA0BC}"
EndProject
Project("{2150E333-8FDC-42A3-9474-1A3956D46DE8}") = "prepare", "prepare", "{F2C35559-1255-4966-89C4-2987EF087CD7}"
EndProject
Project("{9A19103F-16F7-4668-BE54-9A1E7A4F7556}") = "Learning02", "prepare\Learning02\Learning02.csproj", "{9654F85E-31F5-417E-9626-EC8AEF772B44}"
EndProject
Project("{9A19103F-16F7-4668-BE54-9A1E7A4F7556}") = "Learning03", "prepare\Learning03\Learning03.csproj", "{66A99EF1-2A97-4AB7-8EAB-201E637C12A1}"
EndProject
Project("{9A19103F-16F7-4668-BE54-9A1E7A4F7556}") = "Learning04", "prepare\Learning04\Learning04.csproj", "{3DF3B150-6375-45DD-91F8-4A262E4CBC03}"
EndProject
Project("{9A19103F-16F7-4668-BE54-9A1E7A4F7556}") = "Learning05", "prepare\Learning05\Learning05.csproj", "{6E89D314-5367-4FA0-960B-64C1EB985D85}"
EndProject
Project("{2150E333-8FDC-42A3-9474-1A3956D46DE8}") = "prove", "prove", "{53EFF056-6BB6-4825-8437-B251919BF315}"
EndProject
Project("{9A19103F-16F7-4668-BE54-9A1E7A4F7556}") = "Develop02", "prove\Develop02\Develop02.csproj", "{2A3E22A7-488C-450F-81A3-84D2DAF0527B}"
EndProject
Project("{9A19103F-16F7-4668-BE54-9A1E7A4F7556}") = "Develop03", "prove\Develop03\Develop03.csproj", "{5DA173B4-969C-44F1-B993-6A1C762A39ED}"
EndProject
Project("{9A19103F-16F7-4668-BE54-9A1E7A4F7556}") = "Develop04", "prove\Develop04\Develop04.csproj", "{C83E59A3-EE4F-447E-A8F4-459CDFC9658A}"
EndProject
Project("{9A19103F-16F7-4668-BE54-9A1E7A4F7556}") = "Develop05", "prove\Develop05\Develop05.csproj", "{FEAE6CFD-6D69-4EEF-A040-B281DF62E2C7}"
EndProject
Project("{2150E333-8FDC-42A3-9474-1A3956D46DE8}") = "sandbox", "sandbox", "{7EE38193-E375-4518-936F-39CDFCC39681}"
EndProject
Project("{9A19103F-16F7-4668-BE54-9A1E7A4F7556}") = "Sandbox", "sandbox\Sandbox\Sandbox.csproj", "{B8B4CB40-14C5-4094-9008-2D5DC193187A}"
EndProject
Global
	GlobalSection(SolutionConfigurationPlatforms) = preSolution
		Debug|Any CPU = Debug|Any CPU
		Release|Any CPU = Release|Any CPU
	EndGlobalSection
	GlobalSection(ProjectConfigurationPlatforms) = postSolution
		{583A7858-46E6-40EB-9D34-D781A7F71FFD}.Debug|Any CPU.ActiveCfg = Debug|Any CPU
		{583A7858-46E6-40EB-9D34-D781A7F71FFD}.Debug|Any CPU.Build.0 = Debug|Any CPU
		{583A7858-46E6-40EB-9D34-D781A7F71FFD}.Release|Any CPU.ActiveCfg = Release|Any CPU
		{583A7858-46E6-40EB-9D34-D781A7F71FFD}.Release|Any CPU.Build.0 = Release|Any CPU
		{EF12184E-D549-4C13-B466-22CA6FC02BEB}.Debug|Any CPU.ActiveCfg = Debug|Any CPU
		{EF12184E-D549-4C13-B466-22CA6FC02BEB}.Debug|Any CPU.Build.0 = Debug|Any CPU
		{EF12184E-D549-4C13-B466-22CA6FC02BEB}.Release|Any CPU.ActiveCfg = Release|Any CPU
		{EF12184E-D549-4C13-B466-22CA6FC02BEB}.Release|Any CPU.Build.0 = Release|Any CPU
		{F7AF9453-C308-4683-B595-43BCAAD486F1}.Debug|Any CPU.ActiveCfg = Debug|Any CPU
		{F7AF9453-C308-4683-B595-43BCAAD486F1}.Debug|Any CPU.Build.0 = Debug|Any CPU
		{F7AF9453-C308-4683-B595-43BCAAD486F1}.Release|Any CPU.ActiveCfg = Release|Any CPU
		{F7AF9453-C308-4683-B595-43BCAAD486F1}.Release|Any CPU.Build.0 = Release|Any CPU
		{6CCD43F8-BAAD-4255-B2B9-721F520DD0F7}.Debug|Any CPU.ActiveCfg = Debug|Any CPU
		{6CCD43F8-BAAD-4255-B2B9-721F520DD0F7}.Debug|Any CPU.Build.0 = Debug|Any CPU
		{6CCD43F8-BAAD-4255-B2B9-721F520DD0F7}.Release|Any CPU.ActiveCfg = Release|Any CPU
		{6CCD43F8-BAAD-4255-B2B9-721F520DD0F7}.Release|Any CPU.Build.0 = Release|Any CPU
		{0984A045-BD13-4C45-90FC-8FAC45E4C8EF}.Debug|Any CPU.ActiveCfg = Debug|Any CPU
		{0984A045-BD13-4C45-90FC-8FAC45E4C8EF}.Debug|Any CPU.Build.0 = Debug|Any CPU
		{0984A045-BD13-4C45-90FC-8FAC45E4C8EF}.Release|Any CPU.ActiveCfg = Release|Any CPU
		{0984A045-BD13-4C45-90FC-8FAC45E4C8EF}.Release|Any CPU.Build.0 = Release|Any CPU
		{71EFDF08-457E-400A-BEE6-4026A3620FB1}.Debug|Any CPU.ActiveCfg = Debug|Any CPU
		{71EFDF08-457E-400A-BEE6-4026A3620FB1}.Debug|Any CPU.Build.0 = Debug|Any CPU
		{71EFDF08-457E-400A-BEE6-4026A3620FB1}.Release|Any CPU.ActiveCfg = Release|Any CPU
		{71EFDF08-457E-400A-BEE6-4026A3620FB1}.Release|Any CPU.Build.0 = Release|Any CPU
		{96ADD9B2-53D7-4E1D-A951-E0400774FA19}.Debug|Any CPU.ActiveCfg = Debug|Any CPU
		{96ADD9B2-53D7-4E1D-A951-E0400774FA19}.Debug|Any CPU.Build.0 = Debug|Any CPU
		{96ADD9B2-53D7-4E1D-A951-E0400774FA19}.Release|Any CPU.ActiveCfg = Release|Any CPU
		{96ADD9B2-53D7-4E1D-A951-E0400774FA19}.Release|Any CPU.Build.0 = Release|Any CPU
		{B911FCF1-9BCA-415A-AD13-8A4071E91661}.Debug|Any CPU.ActiveCfg = Debug|Any CPU
		{B911FCF1-9BCA-415A-AD13-8A4071E91661}.Debug|Any CPU.Build.0 = Debug|Any CPU
		{B911FCF1-9BCA-415A-AD13-8A4071E91661}.Release|Any CPU.ActiveCfg = Release|Any CPU
		{B911FCF1-9BCA-415A-AD13-8A4071E91661}.Release|Any CPU.Build.0 = Release|Any CPU
		{30340F07-6608-4829-9408-4B54172816A8}.Debug|Any CPU.ActiveCfg = Debug|Any CPU
		{30340F07-6608-4829-9408-4B54172816A8}.Debug|Any CPU.Build.0 = Debug|Any CPU
		{30340F07-6608-4829-9408-4B54172816A8}.Release|Any CPU.ActiveCfg = Release|Any CPU
		{30340F07-6608-4829-9408-4B54172816A8}.Release|Any CPU.Build.0 = Release|Any CPU
		{F2C318AF-0532-4627-800A-C4B5444CA0BC}.Debug|Any CPU.ActiveCfg = Debug|Any CPU
		{F2C318AF-0532-4627-800A-C4B5444CA0BC}.Debug|Any CPU.Build.0 = Debug|Any CPU
		{F2C318AF-0532-4627-800A-C4B5444CA0BC}.Release|Any CPU.ActiveCfg = Release|Any CPU
		{F2C318AF-0532-4627-800A-C4B5444CA0BC}.Release|Any CPU.Build.0 = Release|Any CPU
		{9654F85E-31F5-417E-9626-EC8AEF772B44}.Debug|Any CPU.ActiveCfg = Debug|Any CPU
		{9654F85E-31F5-417E-9626-EC8AEF772B44}.Debug|Any CPU.Build.0 = Debug|Any CPU
		{9654F85E-31F5-417E-9626-EC8AEF772B44}.Release|Any CPU.ActiveCfg = Release|Any CPU
		{9654F85E-31F5-417E-9626-EC8AEF772B44}.Release|Any CPU.Build.0 = Release|Any CPU
		{66A99EF1-2A97-4AB7-8EAB-201E637C12A1}.Debug|Any CPU.ActiveCfg = Debug|Any CPU
		{66A99EF1-2A97-4AB7-8EAB-201E637C12A1}.Debug|Any CPU.Build.0 = Debug|Any CPU
		{66A99EF1-2A97-4AB7-8EAB-201E637C12A1}.Release|Any CPU.ActiveCfg = Release|Any CPU
		{66A99EF1-2A97-4AB7-8EAB-201E637C12A1}.Release|Any CPU.Build.0 = Release|Any CPU
		{3DF3B150-6375-45DD-91F8-4A262E4CBC03}.Debug|Any CPU.ActiveCfg = Debug|Any CPU
		{3DF3B150-6375-45DD-91F8-4A262E4CBC03}.Debug|Any CPU.Build.0 = Debug|Any CPU
		{3DF3B150-6375-45DD-91F8-4A262E4CBC03}.Release|Any CPU.ActiveCfg = Release|Any CPU
		{3DF3B150-6375-45DD-91F8-4A262E4CBC03}.Release|Any CPU.Build.0 = Release|Any CPU
		{6E89D314-5367-4FA0-960B-64C1EB985D85}.Debug|Any CPU.ActiveCfg = Debug|Any CPU
		{6E89D314-5367-4FA0-960B-64C1EB985D85}.Debug|Any CPU.Build.0 = Debug|Any CPU
		{6E89D314-5367-4FA0-960B-64C1EB985D85}.Release|Any CPU.ActiveCfg = Release|Any CPU
		{6E89D314-5367-4FA0-960B-64C1EB985D85}.Release|Any CPU.Build.0 = Release|Any CPU
		{2A3E22A7-488C-450F-81A3-84D2DAF0527B}.Debug|Any CPU.ActiveCfg = Debug|Any CPU
		{2A3E22A7-488C-450F-81A3-84D2DAF0527B}.Debug|Any CPU.Build.0 = Debug|Any CPU
		{2A3E22A7-488C-450F-81A3-84D2DAF0527B}.Release|Any CPU.ActiveCfg = Release|Any CPU
		{2A3E22A7-488C-450F-81A3-84D2DAF0527B}.Release|Any CPU.Build.0 = Release|Any CPU
		{5DA173B4-969C-44F1-B993-6A1C762A39ED}.Debug|Any CPU.ActiveCfg = Debug|Any CPU
		{5DA173B4-969C-44F1-B993-6A1C762A39ED}.Debug|Any CPU.Build.0 = Debug|Any CPU
		{5DA173B4-969C-44F1-B993-6A1C762A39ED}.Release|Any CPU.ActiveCfg = Release|Any CPU
		{5DA173B4-969C-44F1-B993-6A1C762A39ED}.Release|Any CPU.Build.0 = Release|Any CPU
		{C83E59A3-EE4F-447E-A8F4-459CDFC9658A}.Debug|Any CPU.ActiveCfg = Debug|Any CPU
		{C83E59A3-EE4F-447E-A8F4-459CDFC9658A}.Debug|Any CPU.Build.0 = Debug|Any CPU
		{C83E59A3-EE4F-447E-A8F4-459CDFC9658A}.Release|Any CPU.ActiveCfg = Release|Any CPU
		{C83E59A3-EE4F-447E-A8F4-459CDFC9658A}.Release|Any CPU.Build.0 = Release|Any CPU
		{FEAE6CFD-6D69-4EEF-A040-B281DF62E2C7}.Debug|Any CPU.ActiveCfg = Debug|Any CPU
		{FEAE6CFD-6D69-4EEF-A040-B281DF62E2C7}.Debug|Any CPU.Build.0 = Debug|Any CPU
		{FEAE6CFD-6D69-4EEF-A040-B281DF62E2C7}.Release|Any CPU.ActiveCfg = Release|Any CPU
		{FEAE6CFD-6D69-4EEF-A040-B281DF62E2C7}.Release|Any CPU.Build.0 = Release|Any CPU
		{B8B4CB40-14C5-4094-9008-2D5DC193187A}.Debug|Any CPU.ActiveCfg = Debug|Any CPU
		{B8B4CB40-14C5-4094-9008-2D5DC193187A}.Debug|Any CPU.Build.0 = Debug|Any CPU
		{B8B4CB40-14C5-4094-9008-2D5DC193187A}.Release|Any CPU.ActiveCfg = Release|Any CPU
		{B8B4CB40-14C5-4094-9008-2D5DC193187A}.Release|Any CPU.Build.0 = Release|Any CPU
	EndGlobalSection
	GlobalSection(SolutionProperties) = preSolution
		HideSolutionNode = FALSE
	EndGlobalSection
	GlobalSection(NestedProjects) = preSolution
		{583A7858-46E6-40EB-9D34-D781A7F71FFD} = {0AF14F11-4FD1-4C85-A0E7-0D7D59EF4EB4}
		{EF12184E-D549-4C13-B466-22CA6FC02BEB} = {0AF14F11-4FD1-4C85-A0E7-0D7D59EF4EB4}
		{F7AF9453-C308-4683-B595-43BCAAD486F1} = {0AF14F11-4FD1-4C85-A0E7-0D7D59EF4EB4}
		{6CCD43F8-BAAD-4255-B2B9-721F520DD0F7} = {0AF14F11-4FD1-4C85-A0E7-0D7D59EF4EB4}
		{0984A045-BD13-4C45-90FC-8FAC45E4C8EF} = {0AF14F11-4FD1-4C85-A0E7-0D7D59EF4EB4}
		{71EFDF08-457E-400A-BEE6-4026A3620FB1} = {802F307E-762A-4574-BD04-B012476ADD10}
		{96ADD9B2-53D7-4E1D-A951-E0400774FA19} = {802F307E-762A-4574-BD04-B012476ADD10}
		{B911FCF1-9BCA-415A-AD13-8A4071E91661} = {802F307E-762A-4574-BD04-B012476ADD10}
		{30340F07-6608-4829-9408-4B54172816A8} = {802F307E-762A-4574-BD04-B012476ADD10}
		{F2C318AF-0532-4627-800A-C4B5444CA0BC} = {802F307E-762A-4574-BD04-B012476ADD10}
		{9654F85E-31F5-417E-9626-EC8AEF772B44} = {F2C35559-1255-4966-89C4-2987EF087CD7}
		{66A99EF1-2A97-4AB7-8EAB-201E637C12A1} = {F2C35559-1255-4966-89C4-2987EF087CD7}
		{3DF3B150-6375-45DD-91F8-4A262E4CBC03} = {F2C35559-1255-4966-89C4-2987EF087CD7}
		{6E89D314-5367-4FA0-960B-64C1EB985D85} = {F2C35559-1255-4966-89C4-2987EF087CD7}
		{2A3E22A7-488C-450F-81A3-84D2DAF0527B} = {53EFF056-6BB6-4825-8437-B251919BF315}
		{5DA173B4-969C-44F1-B993-6A1C762A39ED} = {53EFF056-6BB6-4825-8437-B251919BF315}
		{C83E59A3-EE4F-447E-A8F4-459CDFC9658A} = {53EFF056-6BB6-4825-8437-B251919BF315}
		{FEAE6CFD-6D69-4EEF-A040-B281DF62E2C7} = {53EFF056-6BB6-4825-8437-B251919BF315}
		{B8B4CB40-14C5-4094-9008-2D5DC193187A} = {7EE38193-E375-4518-936F-39CDFCC39681}
	EndGlobalSection
	GlobalSection(ExtensibilityGlobals) = postSolution
		SolutionGuid = {CAA9AFC9-51E2-44E3-86ED-DD8EC6E41D89}
	EndGlobalSection
EndGlobal
